// !$*UTF8*$!
{
	archiveVersion = 1;
	classes = {
	};
	objectVersion = 46;
	objects = {

/* Begin PBXBuildFile section */
		5B9CEAA51C8E8A5E000CBECD /* AppDelegate.swift in Sources */ = {isa = PBXBuildFile; fileRef = 5B9CEAA41C8E8A5E000CBECD /* AppDelegate.swift */; };
		5B9CEAA71C8E8A5E000CBECD /* ViewController.swift in Sources */ = {isa = PBXBuildFile; fileRef = 5B9CEAA61C8E8A5E000CBECD /* ViewController.swift */; };
		5B9CEAAA1C8E8A5E000CBECD /* Main.storyboard in Resources */ = {isa = PBXBuildFile; fileRef = 5B9CEAA81C8E8A5E000CBECD /* Main.storyboard */; };
		5B9CEAAC1C8E8A5E000CBECD /* Assets.xcassets in Resources */ = {isa = PBXBuildFile; fileRef = 5B9CEAAB1C8E8A5E000CBECD /* Assets.xcassets */; };
		5B9CEAAF1C8E8A5E000CBECD /* LaunchScreen.storyboard in Resources */ = {isa = PBXBuildFile; fileRef = 5B9CEAAD1C8E8A5E000CBECD /* LaunchScreen.storyboard */; };
		5B9CEABA1C8E8A5E000CBECD /* FirstAutoLayoutTests.swift in Sources */ = {isa = PBXBuildFile; fileRef = 5B9CEAB91C8E8A5E000CBECD /* FirstAutoLayoutTests.swift */; };
		5B9CEAC51C8E8A5E000CBECD /* FirstAutoLayoutUITests.swift in Sources */ = {isa = PBXBuildFile; fileRef = 5B9CEAC41C8E8A5E000CBECD /* FirstAutoLayoutUITests.swift */; };
/* End PBXBuildFile section */

/* Begin PBXContainerItemProxy section */
		5B9CEAB61C8E8A5E000CBECD /* PBXContainerItemProxy */ = {
			isa = PBXContainerItemProxy;
			containerPortal = 5B9CEA991C8E8A5E000CBECD /* Project object */;
			proxyType = 1;
			remoteGlobalIDString = 5B9CEAA01C8E8A5E000CBECD;
			remoteInfo = FirstAutoLayout;
		};
		5B9CEAC11C8E8A5E000CBECD /* PBXContainerItemProxy */ = {
			isa = PBXContainerItemProxy;
			containerPortal = 5B9CEA991C8E8A5E000CBECD /* Project object */;
			proxyType = 1;
			remoteGlobalIDString = 5B9CEAA01C8E8A5E000CBECD;
			remoteInfo = FirstAutoLayout;
		};
/* End PBXContainerItemProxy section */

/* Begin PBXFileReference section */
		5B9CEAA11C8E8A5E000CBECD /* FirstAutoLayout.app */ = {isa = PBXFileReference; explicitFileType = wrapper.application; includeInIndex = 0; path = FirstAutoLayout.app; sourceTree = BUILT_PRODUCTS_DIR; };
		5B9CEAA41C8E8A5E000CBECD /* AppDelegate.swift */ = {isa = PBXFileReference; lastKnownFileType = sourcecode.swift; path = AppDelegate.swift; sourceTree = "<group>"; };
		5B9CEAA61C8E8A5E000CBECD /* ViewController.swift */ = {isa = PBXFileReference; lastKnownFileType = sourcecode.swift; path = ViewController.swift; sourceTree = "<group>"; };
		5B9CEAA91C8E8A5E000CBECD /* Base */ = {isa = PBXFileReference; lastKnownFileType = file.storyboard; name = Base; path = Base.lproj/Main.storyboard; sourceTree = "<group>"; };
		5B9CEAAB1C8E8A5E000CBECD /* Assets.xcassets */ = {isa = PBXFileReference; lastKnownFileType = folder.assetcatalog; path = Assets.xcassets; sourceTree = "<group>"; };
		5B9CEAAE1C8E8A5E000CBECD /* Base */ = {isa = PBXFileReference; lastKnownFileType = file.storyboard; name = Base; path = Base.lproj/LaunchScreen.storyboard; sourceTree = "<group>"; };
		5B9CEAB01C8E8A5E000CBECD /* Info.plist */ = {isa = PBXFileReference; lastKnownFileType = text.plist.xml; path = Info.plist; sourceTree = "<group>"; };
		5B9CEAB51C8E8A5E000CBECD /* FirstAutoLayoutTests.xctest */ = {isa = PBXFileReference; explicitFileType = wrapper.cfbundle; includeInIndex = 0; path = FirstAutoLayoutTests.xctest; sourceTree = BUILT_PRODUCTS_DIR; };
		5B9CEAB91C8E8A5E000CBECD /* FirstAutoLayoutTests.swift */ = {isa = PBXFileReference; lastKnownFileType = sourcecode.swift; path = FirstAutoLayoutTests.swift; sourceTree = "<group>"; };
		5B9CEABB1C8E8A5E000CBECD /* Info.plist */ = {isa = PBXFileReference; lastKnownFileType = text.plist.xml; path = Info.plist; sourceTree = "<group>"; };
		5B9CEAC01C8E8A5E000CBECD /* FirstAutoLayoutUITests.xctest */ = {isa = PBXFileReference; explicitFileType = wrapper.cfbundle; includeInIndex = 0; path = FirstAutoLayoutUITests.xctest; sourceTree = BUILT_PRODUCTS_DIR; };
		5B9CEAC41C8E8A5E000CBECD /* FirstAutoLayoutUITests.swift */ = {isa = PBXFileReference; lastKnownFileType = sourcecode.swift; path = FirstAutoLayoutUITests.swift; sourceTree = "<group>"; };
		5B9CEAC61C8E8A5E000CBECD /* Info.plist */ = {isa = PBXFileReference; lastKnownFileType = text.plist.xml; path = Info.plist; sourceTree = "<group>"; };
/* End PBXFileReference section */

/* Begin PBXFrameworksBuildPhase section */
		5B9CEA9E1C8E8A5E000CBECD /* Frameworks */ = {
			isa = PBXFrameworksBuildPhase;
			buildActionMask = 2147483647;
			files = (
			);
			runOnlyForDeploymentPostprocessing = 0;
		};
		5B9CEAB21C8E8A5E000CBECD /* Frameworks */ = {
			isa = PBXFrameworksBuildPhase;
			buildActionMask = 2147483647;
			files = (
			);
			runOnlyForDeploymentPostprocessing = 0;
		};
		5B9CEABD1C8E8A5E000CBECD /* Frameworks */ = {
			isa = PBXFrameworksBuildPhase;
			buildActionMask = 2147483647;
			files = (
			);
			runOnlyForDeploymentPostprocessing = 0;
		};
/* End PBXFrameworksBuildPhase section */

/* Begin PBXGroup section */
		5B9CEA981C8E8A5E000CBECD = {
			isa = PBXGroup;
			children = (
				5B9CEAA31C8E8A5E000CBECD /* FirstAutoLayout */,
				5B9CEAB81C8E8A5E000CBECD /* FirstAutoLayoutTests */,
				5B9CEAC31C8E8A5E000CBECD /* FirstAutoLayoutUITests */,
				5B9CEAA21C8E8A5E000CBECD /* Products */,
			);
			sourceTree = "<group>";
		};
		5B9CEAA21C8E8A5E000CBECD /* Products */ = {
			isa = PBXGroup;
			children = (
				5B9CEAA11C8E8A5E000CBECD /* FirstAutoLayout.app */,
				5B9CEAB51C8E8A5E000CBECD /* FirstAutoLayoutTests.xctest */,
				5B9CEAC01C8E8A5E000CBECD /* FirstAutoLayoutUITests.xctest */,
			);
			name = Products;
			sourceTree = "<group>";
		};
		5B9CEAA31C8E8A5E000CBECD /* FirstAutoLayout */ = {
			isa = PBXGroup;
			children = (
				5B9CEAA41C8E8A5E000CBECD /* AppDelegate.swift */,
				5B9CEAA61C8E8A5E000CBECD /* ViewController.swift */,
				5B9CEAA81C8E8A5E000CBECD /* Main.storyboard */,
				5B9CEAAB1C8E8A5E000CBECD /* Assets.xcassets */,
				5B9CEAAD1C8E8A5E000CBECD /* LaunchScreen.storyboard */,
				5B9CEAB01C8E8A5E000CBECD /* Info.plist */,
			);
			path = FirstAutoLayout;
			sourceTree = "<group>";
		};
		5B9CEAB81C8E8A5E000CBECD /* FirstAutoLayoutTests */ = {
			isa = PBXGroup;
			children = (
				5B9CEAB91C8E8A5E000CBECD /* FirstAutoLayoutTests.swift */,
				5B9CEABB1C8E8A5E000CBECD /* Info.plist */,
			);
			path = FirstAutoLayoutTests;
			sourceTree = "<group>";
		};
		5B9CEAC31C8E8A5E000CBECD /* FirstAutoLayoutUITests */ = {
			isa = PBXGroup;
			children = (
				5B9CEAC41C8E8A5E000CBECD /* FirstAutoLayoutUITests.swift */,
				5B9CEAC61C8E8A5E000CBECD /* Info.plist */,
			);
			path = FirstAutoLayoutUITests;
			sourceTree = "<group>";
		};
/* End PBXGroup section */

/* Begin PBXNativeTarget section */
		5B9CEAA01C8E8A5E000CBECD /* FirstAutoLayout */ = {
			isa = PBXNativeTarget;
			buildConfigurationList = 5B9CEAC91C8E8A5E000CBECD /* Build configuration list for PBXNativeTarget "FirstAutoLayout" */;
			buildPhases = (
				5B9CEA9D1C8E8A5E000CBECD /* Sources */,
				5B9CEA9E1C8E8A5E000CBECD /* Frameworks */,
				5B9CEA9F1C8E8A5E000CBECD /* Resources */,
			);
			buildRules = (
			);
			dependencies = (
			);
			name = FirstAutoLayout;
			productName = FirstAutoLayout;
			productReference = 5B9CEAA11C8E8A5E000CBECD /* FirstAutoLayout.app */;
			productType = "com.apple.product-type.application";
		};
		5B9CEAB41C8E8A5E000CBECD /* FirstAutoLayoutTests */ = {
			isa = PBXNativeTarget;
			buildConfigurationList = 5B9CEACC1C8E8A5E000CBECD /* Build configuration list for PBXNativeTarget "FirstAutoLayoutTests" */;
			buildPhases = (
				5B9CEAB11C8E8A5E000CBECD /* Sources */,
				5B9CEAB21C8E8A5E000CBECD /* Frameworks */,
				5B9CEAB31C8E8A5E000CBECD /* Resources */,
			);
			buildRules = (
			);
			dependencies = (
				5B9CEAB71C8E8A5E000CBECD /* PBXTargetDependency */,
			);
			name = FirstAutoLayoutTests;
			productName = FirstAutoLayoutTests;
			productReference = 5B9CEAB51C8E8A5E000CBECD /* FirstAutoLayoutTests.xctest */;
			productType = "com.apple.product-type.bundle.unit-test";
		};
		5B9CEABF1C8E8A5E000CBECD /* FirstAutoLayoutUITests */ = {
			isa = PBXNativeTarget;
			buildConfigurationList = 5B9CEACF1C8E8A5E000CBECD /* Build configuration list for PBXNativeTarget "FirstAutoLayoutUITests" */;
			buildPhases = (
				5B9CEABC1C8E8A5E000CBECD /* Sources */,
				5B9CEABD1C8E8A5E000CBECD /* Frameworks */,
				5B9CEABE1C8E8A5E000CBECD /* Resources */,
			);
			buildRules = (
			);
			dependencies = (
				5B9CEAC21C8E8A5E000CBECD /* PBXTargetDependency */,
			);
			name = FirstAutoLayoutUITests;
			productName = FirstAutoLayoutUITests;
			productReference = 5B9CEAC01C8E8A5E000CBECD /* FirstAutoLayoutUITests.xctest */;
			productType = "com.apple.product-type.bundle.ui-testing";
		};
/* End PBXNativeTarget section */

/* Begin PBXProject section */
		5B9CEA991C8E8A5E000CBECD /* Project object */ = {
			isa = PBXProject;
			attributes = {
				LastSwiftUpdateCheck = 0720;
				LastUpgradeCheck = 0720;
				ORGANIZATIONNAME = "Ansel Adams";
				TargetAttributes = {
					5B9CEAA01C8E8A5E000CBECD = {
						CreatedOnToolsVersion = 7.2.1;
					};
					5B9CEAB41C8E8A5E000CBECD = {
						CreatedOnToolsVersion = 7.2.1;
						TestTargetID = 5B9CEAA01C8E8A5E000CBECD;
					};
					5B9CEABF1C8E8A5E000CBECD = {
						CreatedOnToolsVersion = 7.2.1;
						TestTargetID = 5B9CEAA01C8E8A5E000CBECD;
					};
				};
			};
			buildConfigurationList = 5B9CEA9C1C8E8A5E000CBECD /* Build configuration list for PBXProject "FirstAutoLayout" */;
			compatibilityVersion = "Xcode 3.2";
			developmentRegion = English;
			hasScannedForEncodings = 0;
			knownRegions = (
				en,
				Base,
			);
			mainGroup = 5B9CEA981C8E8A5E000CBECD;
			productRefGroup = 5B9CEAA21C8E8A5E000CBECD /* Products */;
			projectDirPath = "";
			projectRoot = "";
			targets = (
				5B9CEAA01C8E8A5E000CBECD /* FirstAutoLayout */,
				5B9CEAB41C8E8A5E000CBECD /* FirstAutoLayoutTests */,
				5B9CEABF1C8E8A5E000CBECD /* FirstAutoLayoutUITests */,
			);
		};
/* End PBXProject section */

/* Begin PBXResourcesBuildPhase section */
		5B9CEA9F1C8E8A5E000CBECD /* Resources */ = {
			isa = PBXResourcesBuildPhase;
			buildActionMask = 2147483647;
			files = (
				5B9CEAAF1C8E8A5E000CBECD /* LaunchScreen.storyboard in Resources */,
				5B9CEAAC1C8E8A5E000CBECD /* Assets.xcassets in Resources */,
				5B9CEAAA1C8E8A5E000CBECD /* Main.storyboard in Resources */,
			);
			runOnlyForDeploymentPostprocessing = 0;
		};
		5B9CEAB31C8E8A5E000CBECD /* Resources */ = {
			isa = PBXResourcesBuildPhase;
			buildActionMask = 2147483647;
			files = (
			);
			runOnlyForDeploymentPostprocessing = 0;
		};
		5B9CEABE1C8E8A5E000CBECD /* Resources */ = {
			isa = PBXResourcesBuildPhase;
			buildActionMask = 2147483647;
			files = (
			);
			runOnlyForDeploymentPostprocessing = 0;
		};
/* End PBXResourcesBuildPhase section */

/* Begin PBXSourcesBuildPhase section */
		5B9CEA9D1C8E8A5E000CBECD /* Sources */ = {
			isa = PBXSourcesBuildPhase;
			buildActionMask = 2147483647;
			files = (
				5B9CEAA71C8E8A5E000CBECD /* ViewController.swift in Sources */,
				5B9CEAA51C8E8A5E000CBECD /* AppDelegate.swift in Sources */,
			);
			runOnlyForDeploymentPostprocessing = 0;
		};
		5B9CEAB11C8E8A5E000CBECD /* Sources */ = {
			isa = PBXSourcesBuildPhase;
			buildActionMask = 2147483647;
			files = (
				5B9CEABA1C8E8A5E000CBECD /* FirstAutoLayoutTests.swift in Sources */,
			);
			runOnlyForDeploymentPostprocessing = 0;
		};
		5B9CEABC1C8E8A5E000CBECD /* Sources */ = {
			isa = PBXSourcesBuildPhase;
			buildActionMask = 2147483647;
			files = (
				5B9CEAC51C8E8A5E000CBECD /* FirstAutoLayoutUITests.swift in Sources */,
			);
			runOnlyForDeploymentPostprocessing = 0;
		};
/* End PBXSourcesBuildPhase section */

/* Begin PBXTargetDependency section */
		5B9CEAB71C8E8A5E000CBECD /* PBXTargetDependency */ = {
			isa = PBXTargetDependency;
			target = 5B9CEAA01C8E8A5E000CBECD /* FirstAutoLayout */;
			targetProxy = 5B9CEAB61C8E8A5E000CBECD /* PBXContainerItemProxy */;
		};
		5B9CEAC21C8E8A5E000CBECD /* PBXTargetDependency */ = {
			isa = PBXTargetDependency;
			target = 5B9CEAA01C8E8A5E000CBECD /* FirstAutoLayout */;
			targetProxy = 5B9CEAC11C8E8A5E000CBECD /* PBXContainerItemProxy */;
		};
/* End PBXTargetDependency section */

/* Begin PBXVariantGroup section */
		5B9CEAA81C8E8A5E000CBECD /* Main.storyboard */ = {
			isa = PBXVariantGroup;
			children = (
				5B9CEAA91C8E8A5E000CBECD /* Base */,
			);
			name = Main.storyboard;
			sourceTree = "<group>";
		};
		5B9CEAAD1C8E8A5E000CBECD /* LaunchScreen.storyboard */ = {
			isa = PBXVariantGroup;
			children = (
				5B9CEAAE1C8E8A5E000CBECD /* Base */,
			);
			name = LaunchScreen.storyboard;
			sourceTree = "<group>";
		};
/* End PBXVariantGroup section */

/* Begin XCBuildConfiguration section */
		5B9CEAC71C8E8A5E000CBECD /* Debug */ = {
			isa = XCBuildConfiguration;
			buildSettings = {
				ALWAYS_SEARCH_USER_PATHS = NO;
				CLANG_CXX_LANGUAGE_STANDARD = "gnu++0x";
				CLANG_CXX_LIBRARY = "libc++";
				CLANG_ENABLE_MODULES = YES;
				CLANG_ENABLE_OBJC_ARC = YES;
				CLANG_WARN_BOOL_CONVERSION = YES;
				CLANG_WARN_CONSTANT_CONVERSION = YES;
				CLANG_WARN_DIRECT_OBJC_ISA_USAGE = YES_ERROR;
				CLANG_WARN_EMPTY_BODY = YES;
				CLANG_WARN_ENUM_CONVERSION = YES;
				CLANG_WARN_INT_CONVERSION = YES;
				CLANG_WARN_OBJC_ROOT_CLASS = YES_ERROR;
				CLANG_WARN_UNREACHABLE_CODE = YES;
				CLANG_WARN__DUPLICATE_METHOD_MATCH = YES;
				"CODE_SIGN_IDENTITY[sdk=iphoneos*]" = "iPhone Developer";
				COPY_PHASE_STRIP = NO;
				DEBUG_INFORMATION_FORMAT = dwarf;
				ENABLE_STRICT_OBJC_MSGSEND = YES;
				ENABLE_TESTABILITY = YES;
				GCC_C_LANGUAGE_STANDARD = gnu99;
				GCC_DYNAMIC_NO_PIC = NO;
				GCC_NO_COMMON_BLOCKS = YES;
				GCC_OPTIMIZATION_LEVEL = 0;
				GCC_PREPROCESSOR_DEFINITIONS = (
					"DEBUG=1",
					"$(inherited)",
				);
				GCC_WARN_64_TO_32_BIT_CONVERSION = YES;
				GCC_WARN_ABOUT_RETURN_TYPE = YES_ERROR;
				GCC_WARN_UNDECLARED_SELECTOR = YES;
				GCC_WARN_UNINITIALIZED_AUTOS = YES_AGGRESSIVE;
				GCC_WARN_UNUSED_FUNCTION = YES;
				GCC_WARN_UNUSED_VARIABLE = YES;
				IPHONEOS_DEPLOYMENT_TARGET = 9.2;
				MTL_ENABLE_DEBUG_INFO = YES;
				ONLY_ACTIVE_ARCH = YES;
				SDKROOT = iphoneos;
				SWIFT_OPTIMIZATION_LEVEL = "-Onone";
				TARGETED_DEVICE_FAMILY = "1,2";
			};
			name = Debug;
		};
		5B9CEAC81C8E8A5E000CBECD /* Release */ = {
			isa = XCBuildConfiguration;
			buildSettings = {
				ALWAYS_SEARCH_USER_PATHS = NO;
				CLANG_CXX_LANGUAGE_STANDARD = "gnu++0x";
				CLANG_CXX_LIBRARY = "libc++";
				CLANG_ENABLE_MODULES = YES;
				CLANG_ENABLE_OBJC_ARC = YES;
				CLANG_WARN_BOOL_CONVERSION = YES;
				CLANG_WARN_CONSTANT_CONVERSION = YES;
				CLANG_WARN_DIRECT_OBJC_ISA_USAGE = YES_ERROR;
				CLANG_WARN_EMPTY_BODY = YES;
				CLANG_WARN_ENUM_CONVERSION = YES;
				CLANG_WARN_INT_CONVERSION = YES;
				CLANG_WARN_OBJC_ROOT_CLASS = YES_ERROR;
				CLANG_WARN_UNREACHABLE_CODE = YES;
				CLANG_WARN__DUPLICATE_METHOD_MATCH = YES;
				"CODE_SIGN_IDENTITY[sdk=iphoneos*]" = "iPhone Developer";
				COPY_PHASE_STRIP = NO;
				DEBUG_INFORMATION_FORMAT = "dwarf-with-dsym";
				ENABLE_NS_ASSERTIONS = NO;
				ENABLE_STRICT_OBJC_MSGSEND = YES;
				GCC_C_LANGUAGE_STANDARD = gnu99;
				GCC_NO_COMMON_BLOCKS = YES;
				GCC_WARN_64_TO_32_BIT_CONVERSION = YES;
				GCC_WARN_ABOUT_RETURN_TYPE = YES_ERROR;
				GCC_WARN_UNDECLARED_SELECTOR = YES;
				GCC_WARN_UNINITIALIZED_AUTOS = YES_AGGRESSIVE;
				GCC_WARN_UNUSED_FUNCTION = YES;
				GCC_WARN_UNUSED_VARIABLE = YES;
				IPHONEOS_DEPLOYMENT_TARGET = 9.2;
				MTL_ENABLE_DEBUG_INFO = NO;
				SDKROOT = iphoneos;
				TARGETED_DEVICE_FAMILY = "1,2";
				VALIDATE_PRODUCT = YES;
			};
			name = Release;
		};
		5B9CEACA1C8E8A5E000CBECD /* Debug */ = {
			isa = XCBuildConfiguration;
			buildSettings = {
				ASSETCATALOG_COMPILER_APPICON_NAME = AppIcon;
				INFOPLIST_FILE = FirstAutoLayout/Info.plist;
				LD_RUNPATH_SEARCH_PATHS = "$(inherited) @executable_path/Frameworks";
				PRODUCT_BUNDLE_IDENTIFIER = com.example.FirstAutoLayout;
				PRODUCT_NAME = "$(TARGET_NAME)";
			};
			name = Debug;
		};
		5B9CEACB1C8E8A5E000CBECD /* Release */ = {
			isa = XCBuildConfiguration;
			buildSettings = {
				ASSETCATALOG_COMPILER_APPICON_NAME = AppIcon;
				INFOPLIST_FILE = FirstAutoLayout/Info.plist;
				LD_RUNPATH_SEARCH_PATHS = "$(inherited) @executable_path/Frameworks";
				PRODUCT_BUNDLE_IDENTIFIER = com.example.FirstAutoLayout;
				PRODUCT_NAME = "$(TARGET_NAME)";
			};
			name = Release;
		};
		5B9CEACD1C8E8A5E000CBECD /* Debug */ = {
			isa = XCBuildConfiguration;
			buildSettings = {
				BUNDLE_LOADER = "$(TEST_HOST)";
				INFOPLIST_FILE = FirstAutoLayoutTests/Info.plist;
				LD_RUNPATH_SEARCH_PATHS = "$(inherited) @executable_path/Frameworks @loader_path/Frameworks";
				PRODUCT_BUNDLE_IDENTIFIER = com.example.FirstAutoLayoutTests;
				PRODUCT_NAME = "$(TARGET_NAME)";
				TEST_HOST = "$(BUILT_PRODUCTS_DIR)/FirstAutoLayout.app/FirstAutoLayout";
			};
			name = Debug;
		};
		5B9CEACE1C8E8A5E000CBECD /* Release */ = {
			isa = XCBuildConfiguration;
			buildSettings = {
				BUNDLE_LOADER = "$(TEST_HOST)";
				INFOPLIST_FILE = FirstAutoLayoutTests/Info.plist;
				LD_RUNPATH_SEARCH_PATHS = "$(inherited) @executable_path/Frameworks @loader_path/Frameworks";
				PRODUCT_BUNDLE_IDENTIFIER = com.example.FirstAutoLayoutTests;
				PRODUCT_NAME = "$(TARGET_NAME)";
				TEST_HOST = "$(BUILT_PRODUCTS_DIR)/FirstAutoLayout.app/FirstAutoLayout";
			};
			name = Release;
		};
		5B9CEAD01C8E8A5E000CBECD /* Debug */ = {
			isa = XCBuildConfiguration;
			buildSettings = {
				INFOPLIST_FILE = FirstAutoLayoutUITests/Info.plist;
				LD_RUNPATH_SEARCH_PATHS = "$(inherited) @executable_path/Frameworks @loader_path/Frameworks";
				PRODUCT_BUNDLE_IDENTIFIER = com.example.FirstAutoLayoutUITests;
				PRODUCT_NAME = "$(TARGET_NAME)";
				TEST_TARGET_NAME = FirstAutoLayout;
				USES_XCTRUNNER = YES;
			};
			name = Debug;
		};
		5B9CEAD11C8E8A5E000CBECD /* Release */ = {
			isa = XCBuildConfiguration;
			buildSettings = {
				INFOPLIST_FILE = FirstAutoLayoutUITests/Info.plist;
				LD_RUNPATH_SEARCH_PATHS = "$(inherited) @executable_path/Frameworks @loader_path/Frameworks";
				PRODUCT_BUNDLE_IDENTIFIER = com.example.FirstAutoLayoutUITests;
				PRODUCT_NAME = "$(TARGET_NAME)";
				TEST_TARGET_NAME = FirstAutoLayout;
				USES_XCTRUNNER = YES;
			};
			name = Release;
		};
/* End XCBuildConfiguration section */

/* Begin XCConfigurationList section */
		5B9CEA9C1C8E8A5E000CBECD /* Build configuration list for PBXProject "FirstAutoLayout" */ = {
			isa = XCConfigurationList;
			buildConfigurations = (
				5B9CEAC71C8E8A5E000CBECD /* Debug */,
				5B9CEAC81C8E8A5E000CBECD /* Release */,
			);
			defaultConfigurationIsVisible = 0;
			defaultConfigurationName = Release;
		};
		5B9CEAC91C8E8A5E000CBECD /* Build configuration list for PBXNativeTarget "FirstAutoLayout" */ = {
			isa = XCConfigurationList;
			buildConfigurations = (
				5B9CEACA1C8E8A5E000CBECD /* Debug */,
				5B9CEACB1C8E8A5E000CBECD /* Release */,
			);
			defaultConfigurationIsVisible = 0;
		};
		5B9CEACC1C8E8A5E000CBECD /* Build configuration list for PBXNativeTarget "FirstAutoLayoutTests" */ = {
			isa = XCConfigurationList;
			buildConfigurations = (
				5B9CEACD1C8E8A5E000CBECD /* Debug */,
				5B9CEACE1C8E8A5E000CBECD /* Release */,
			);
			defaultConfigurationIsVisible = 0;
		};
		5B9CEACF1C8E8A5E000CBECD /* Build configuration list for PBXNativeTarget "FirstAutoLayoutUITests" */ = {
			isa = XCConfigurationList;
			buildConfigurations = (
				5B9CEAD01C8E8A5E000CBECD /* Debug */,
				5B9CEAD11C8E8A5E000CBECD /* Release */,
			);
			defaultConfigurationIsVisible = 0;
		};
/* End XCConfigurationList section */
	};
	rootObject = 5B9CEA991C8E8A5E000CBECD /* Project object */;
}
